
Microsoft Visual Studio Solution File, Format Version 12.00
# Visual Studio Version 17
VisualStudioVersion = 17.10.35122.118
MinimumVisualStudioVersion = 10.0.40219.1
Project("{FAE04EC0-301F-11D3-BF4B-00C04F79EFBC}") = "DovizUyg", "DovizUyg\DovizUyg.csproj", "{1E94CD34-80C4-4FD1-A35B-BCAE94ADFCAF}"
EndProject
Global
	GlobalSection(SolutionConfigurationPlatforms) = preSolution
		Debug|Any CPU = Debug|Any CPU
		Release|Any CPU = Release|Any CPU
	EndGlobalSection
	GlobalSection(ProjectConfigurationPlatforms) = postSolution
		{1E94CD34-80C4-4FD1-A35B-BCAE94ADFCAF}.Debug|Any CPU.ActiveCfg = Debug|Any CPU
		{1E94CD34-80C4-4FD1-A35B-BCAE94ADFCAF}.Debug|Any CPU.Build.0 = Debug|Any CPU
		{1E94CD34-80C4-4FD1-A35B-BCAE94ADFCAF}.Release|Any CPU.ActiveCfg = Release|Any CPU
		{1E94CD34-80C4-4FD1-A35B-BCAE94ADFCAF}.Release|Any CPU.Build.0 = Release|Any CPU
	EndGlobalSection
	GlobalSection(SolutionProperties) = preSolution
		HideSolutionNode = FALSE
	EndGlobalSection
	GlobalSection(ExtensibilityGlobals) = postSolution
		SolutionGuid = {63ED5C43-7D7A-49DD-A0BB-9D419AE4527D}
	EndGlobalSection
EndGlobal
